// !$*UTF8*$!
{
	archiveVersion = 1;
	classes = {
	};
	objectVersion = 46;
	objects = {

/* Begin PBXBuildFile section */
		3703363D1ADFFF8800EF9FE4 /* PhotoMapViewController.swift in Sources */ = {isa = PBXBuildFile; fileRef = 3703363C1ADFFF8800EF9FE4 /* PhotoMapViewController.swift */; };
		3703363F1AE003A700EF9FE4 /* MiscTests.swift in Sources */ = {isa = PBXBuildFile; fileRef = 3703363E1AE003A700EF9FE4 /* MiscTests.swift */; };
		370D92C31B03A40100ED9ED2 /* Security.framework in Frameworks */ = {isa = PBXBuildFile; fileRef = 370D92C21B03A40100ED9ED2 /* Security.framework */; };
		370D92C51B03A41100ED9ED2 /* QuartzCore.framework in Frameworks */ = {isa = PBXBuildFile; fileRef = 370D92C41B03A41100ED9ED2 /* QuartzCore.framework */; };
		370D92C91B03A53300ED9ED2 /* DropboxSDK.framework in Frameworks */ = {isa = PBXBuildFile; fileRef = 370D92C81B03A53300ED9ED2 /* DropboxSDK.framework */; };
		370D92CA1B03A6C000ED9ED2 /* DropboxSDK.framework in Frameworks */ = {isa = PBXBuildFile; fileRef = 370D92C81B03A53300ED9ED2 /* DropboxSDK.framework */; };
		370D92CC1B03AABC00ED9ED2 /* DropboxConfigViewController.swift in Sources */ = {isa = PBXBuildFile; fileRef = 370D92CB1B03AABC00ED9ED2 /* DropboxConfigViewController.swift */; };
		372B58DB1AD03142000D2483 /* PhotoStoreTests.swift in Sources */ = {isa = PBXBuildFile; fileRef = 372B58DA1AD03142000D2483 /* PhotoStoreTests.swift */; };
		372B58E11AD036F9000D2483 /* PhotoLoader.swift in Sources */ = {isa = PBXBuildFile; fileRef = 372B58E01AD036F9000D2483 /* PhotoLoader.swift */; };
		372B58E41AD03AAF000D2483 /* PhotoMetadata.swift in Sources */ = {isa = PBXBuildFile; fileRef = 372B58E31AD03AAF000D2483 /* PhotoMetadata.swift */; };
		372D1E1A1AE28F46009D113D /* PhotoAnnotation.swift in Sources */ = {isa = PBXBuildFile; fileRef = 372D1E191AE28F46009D113D /* PhotoAnnotation.swift */; };
		372D1E1C1AE3ADC4009D113D /* PhotoViewController.swift in Sources */ = {isa = PBXBuildFile; fileRef = 372D1E1B1AE3ADC4009D113D /* PhotoViewController.swift */; };
		3734887C1AE943960068FC73 /* MapHelper.swift in Sources */ = {isa = PBXBuildFile; fileRef = 3734887B1AE943960068FC73 /* MapHelper.swift */; };
		37364ACB1AD1245900A3396E /* Helpers.swift in Sources */ = {isa = PBXBuildFile; fileRef = 37364ACA1AD1245900A3396E /* Helpers.swift */; };
		37364AD21AD19DA900A3396E /* Images.xcassets in Resources */ = {isa = PBXBuildFile; fileRef = 37364AD11AD19DA900A3396E /* Images.xcassets */; };
		37364AD41AD1B18100A3396E /* Photos.framework in Frameworks */ = {isa = PBXBuildFile; fileRef = 37364AD31AD1B18100A3396E /* Photos.framework */; };
		3738AE9D1ADC0014003375ED /* HelpersTest.swift in Sources */ = {isa = PBXBuildFile; fileRef = 3738AE9C1ADC0014003375ED /* HelpersTest.swift */; };
		3738AE9E1ADC01AB003375ED /* Helpers.swift in Sources */ = {isa = PBXBuildFile; fileRef = 37364ACA1AD1245900A3396E /* Helpers.swift */; };
		3738AEA01ADC1A44003375ED /* PathViewController.swift in Sources */ = {isa = PBXBuildFile; fileRef = 3738AE9F1ADC1A44003375ED /* PathViewController.swift */; };
		3738AEA21ADC1E54003375ED /* PhotoUtility.swift in Sources */ = {isa = PBXBuildFile; fileRef = 3738AEA11ADC1E54003375ED /* PhotoUtility.swift */; };
		37BDB4BA1ACED65500F73513 /* AppDelegate.swift in Sources */ = {isa = PBXBuildFile; fileRef = 37BDB4B91ACED65500F73513 /* AppDelegate.swift */; };
		37BDB4BC1ACED65500F73513 /* FootprintViewController.swift in Sources */ = {isa = PBXBuildFile; fileRef = 37BDB4BB1ACED65500F73513 /* FootprintViewController.swift */; };
		37BDB4BE1ACED65500F73513 /* SecondViewController.swift in Sources */ = {isa = PBXBuildFile; fileRef = 37BDB4BD1ACED65500F73513 /* SecondViewController.swift */; };
		37BDB4C11ACED65500F73513 /* Main.storyboard in Resources */ = {isa = PBXBuildFile; fileRef = 37BDB4BF1ACED65500F73513 /* Main.storyboard */; };
		37BDB4C61ACED65500F73513 /* LaunchScreen.xib in Resources */ = {isa = PBXBuildFile; fileRef = 37BDB4C41ACED65500F73513 /* LaunchScreen.xib */; };
		37BDB4DC1ACED72B00F73513 /* PhotoStore.swift in Sources */ = {isa = PBXBuildFile; fileRef = 37BDB4DB1ACED72B00F73513 /* PhotoStore.swift */; };
		37BDB4DE1ACEE62D00F73513 /* ImageIO.framework in Frameworks */ = {isa = PBXBuildFile; fileRef = 37BDB4DD1ACEE62D00F73513 /* ImageIO.framework */; };
		37BDB4E01ACEE63300F73513 /* AssetsLibrary.framework in Frameworks */ = {isa = PBXBuildFile; fileRef = 37BDB4DF1ACEE63300F73513 /* AssetsLibrary.framework */; };
		37BDB4E21ACF019700F73513 /* MapKit.framework in Frameworks */ = {isa = PBXBuildFile; fileRef = 37BDB4E11ACF019700F73513 /* MapKit.framework */; };
		37BDB4E41ACF0B8700F73513 /* PathOrganizer.swift in Sources */ = {isa = PBXBuildFile; fileRef = 37BDB4E31ACF0B8700F73513 /* PathOrganizer.swift */; };
		37BDB4E71ACF0CA700F73513 /* Photos.xcdatamodeld in Sources */ = {isa = PBXBuildFile; fileRef = 37BDB4E51ACF0CA700F73513 /* Photos.xcdatamodeld */; };
		37BDB4EB1ACF10E400F73513 /* CoreDataStore.swift in Sources */ = {isa = PBXBuildFile; fileRef = 37BDB4EA1ACF10E400F73513 /* CoreDataStore.swift */; };
		37BDB4ED1ACF11A200F73513 /* CoreDataHelper.swift in Sources */ = {isa = PBXBuildFile; fileRef = 37BDB4EC1ACF11A200F73513 /* CoreDataHelper.swift */; };
		37BDB4F71ACF72A800F73513 /* Photo.swift in Sources */ = {isa = PBXBuildFile; fileRef = 37BDB4F61ACF72A800F73513 /* Photo.swift */; };
		37DB527A1AF9215B00FC4749 /* TestConnectorManager.swift in Sources */ = {isa = PBXBuildFile; fileRef = 37DB52791AF9215B00FC4749 /* TestConnectorManager.swift */; };
		37DFF2F01AD1BEC800686E74 /* Footprint.swift in Sources */ = {isa = PBXBuildFile; fileRef = 37DFF2EF1AD1BEC800686E74 /* Footprint.swift */; };
		37DFF2F21AD1C47500686E74 /* Path.swift in Sources */ = {isa = PBXBuildFile; fileRef = 37DFF2F11AD1C47500686E74 /* Path.swift */; };
		37DFF2F41AD22AD600686E74 /* PathCreateViewController.swift in Sources */ = {isa = PBXBuildFile; fileRef = 37DFF2F31AD22AD600686E74 /* PathCreateViewController.swift */; };
		37DFF2F91AD41F1F00686E74 /* CollectionCell.xib in Resources */ = {isa = PBXBuildFile; fileRef = 37DFF2F81AD41F1F00686E74 /* CollectionCell.xib */; };
		37DFF2FB1AD420B900686E74 /* PhotoCollectionCell.swift in Sources */ = {isa = PBXBuildFile; fileRef = 37DFF2FA1AD420B900686E74 /* PhotoCollectionCell.swift */; };
		37E20EF01AF9271200EDDA30 /* PhotoObject.swift in Sources */ = {isa = PBXBuildFile; fileRef = 37DB527B1AF922B800FC4749 /* PhotoObject.swift */; };
		37E20EF21AFA745100EDDA30 /* PhotoObjectCoreData.swift in Sources */ = {isa = PBXBuildFile; fileRef = 37E20EF11AFA745100EDDA30 /* PhotoObjectCoreData.swift */; };
		37E20EF51AFA867200EDDA30 /* SettingsViewController.swift in Sources */ = {isa = PBXBuildFile; fileRef = 37E20EF41AFA867200EDDA30 /* SettingsViewController.swift */; };
		37E20EF81AFF61F500EDDA30 /* ConnectorConfigViewController.swift in Sources */ = {isa = PBXBuildFile; fileRef = 37E20EF71AFF61F500EDDA30 /* ConnectorConfigViewController.swift */; };
		3F9642BAFA38590DF95641BA /* Pods.framework in Frameworks */ = {isa = PBXBuildFile; fileRef = 334BBD94344676C6D804E17E /* Pods.framework */; settings = {ATTRIBUTES = (Weak, ); }; };
		410469781AF7D36F00EC71B4 /* NewPhoto.swift in Sources */ = {isa = PBXBuildFile; fileRef = 410469771AF7D36F00EC71B4 /* NewPhoto.swift */; };
		41660D3F1AF7C272002FEE8B /* DropboxConnector.swift in Sources */ = {isa = PBXBuildFile; fileRef = 41660D3E1AF7C272002FEE8B /* DropboxConnector.swift */; };
		41660D411AF7C27D002FEE8B /* Connector.swift in Sources */ = {isa = PBXBuildFile; fileRef = 41660D401AF7C27D002FEE8B /* Connector.swift */; };
		41660D431AF7C411002FEE8B /* PhotosConnector.swift in Sources */ = {isa = PBXBuildFile; fileRef = 41660D421AF7C411002FEE8B /* PhotosConnector.swift */; };
		41660D451AF7C457002FEE8B /* ConnectorManager.swift in Sources */ = {isa = PBXBuildFile; fileRef = 41660D441AF7C457002FEE8B /* ConnectorManager.swift */; };
		4175A56A1AD9036B0033745A /* en.lproj in Resources */ = {isa = PBXBuildFile; fileRef = 4175A5691AD9036B0033745A /* en.lproj */; };
		41A2E8E51AD70B6600240EB5 /* FootprintCell.swift in Sources */ = {isa = PBXBuildFile; fileRef = 41A2E8E41AD70B6600240EB5 /* FootprintCell.swift */; };
		BD35A53862890ED8B8E3B5F8 /* Pods.framework in Frameworks */ = {isa = PBXBuildFile; fileRef = 334BBD94344676C6D804E17E /* Pods.framework */; settings = {ATTRIBUTES = (Weak, ); }; };
/* End PBXBuildFile section */

/* Begin PBXContainerItemProxy section */
		37BDB4CC1ACED65500F73513 /* PBXContainerItemProxy */ = {
			isa = PBXContainerItemProxy;
			containerPortal = 37BDB4AC1ACED65500F73513 /* Project object */;
			proxyType = 1;
			remoteGlobalIDString = 37BDB4B31ACED65500F73513;
			remoteInfo = Footprint;
		};
/* End PBXContainerItemProxy section */

/* Begin PBXFileReference section */
		334BBD94344676C6D804E17E /* Pods.framework */ = {isa = PBXFileReference; explicitFileType = wrapper.framework; includeInIndex = 0; path = Pods.framework; sourceTree = BUILT_PRODUCTS_DIR; };
		3703363C1ADFFF8800EF9FE4 /* PhotoMapViewController.swift */ = {isa = PBXFileReference; fileEncoding = 4; lastKnownFileType = sourcecode.swift; path = PhotoMapViewController.swift; sourceTree = "<group>"; };
		3703363E1AE003A700EF9FE4 /* MiscTests.swift */ = {isa = PBXFileReference; fileEncoding = 4; lastKnownFileType = sourcecode.swift; path = MiscTests.swift; sourceTree = "<group>"; };
		370D92C21B03A40100ED9ED2 /* Security.framework */ = {isa = PBXFileReference; lastKnownFileType = wrapper.framework; name = Security.framework; path = System/Library/Frameworks/Security.framework; sourceTree = SDKROOT; };
		370D92C41B03A41100ED9ED2 /* QuartzCore.framework */ = {isa = PBXFileReference; lastKnownFileType = wrapper.framework; name = QuartzCore.framework; path = System/Library/Frameworks/QuartzCore.framework; sourceTree = SDKROOT; };
		370D92C81B03A53300ED9ED2 /* DropboxSDK.framework */ = {isa = PBXFileReference; lastKnownFileType = wrapper.framework; name = DropboxSDK.framework; path = Pods/DropboxSDK.framework; sourceTree = "<group>"; };
		370D92CB1B03AABC00ED9ED2 /* DropboxConfigViewController.swift */ = {isa = PBXFileReference; fileEncoding = 4; lastKnownFileType = sourcecode.swift; path = DropboxConfigViewController.swift; sourceTree = "<group>"; };
		372B58DA1AD03142000D2483 /* PhotoStoreTests.swift */ = {isa = PBXFileReference; fileEncoding = 4; lastKnownFileType = sourcecode.swift; path = PhotoStoreTests.swift; sourceTree = "<group>"; };
		372B58E01AD036F9000D2483 /* PhotoLoader.swift */ = {isa = PBXFileReference; fileEncoding = 4; lastKnownFileType = sourcecode.swift; path = PhotoLoader.swift; sourceTree = "<group>"; };
		372B58E31AD03AAF000D2483 /* PhotoMetadata.swift */ = {isa = PBXFileReference; fileEncoding = 4; lastKnownFileType = sourcecode.swift; path = PhotoMetadata.swift; sourceTree = "<group>"; };
		372D1E191AE28F46009D113D /* PhotoAnnotation.swift */ = {isa = PBXFileReference; fileEncoding = 4; lastKnownFileType = sourcecode.swift; path = PhotoAnnotation.swift; sourceTree = "<group>"; };
		372D1E1B1AE3ADC4009D113D /* PhotoViewController.swift */ = {isa = PBXFileReference; fileEncoding = 4; lastKnownFileType = sourcecode.swift; path = PhotoViewController.swift; sourceTree = "<group>"; };
		3734887B1AE943960068FC73 /* MapHelper.swift */ = {isa = PBXFileReference; fileEncoding = 4; lastKnownFileType = sourcecode.swift; path = MapHelper.swift; sourceTree = "<group>"; };
		37364ACA1AD1245900A3396E /* Helpers.swift */ = {isa = PBXFileReference; fileEncoding = 4; lastKnownFileType = sourcecode.swift; path = Helpers.swift; sourceTree = "<group>"; };
		37364AD11AD19DA900A3396E /* Images.xcassets */ = {isa = PBXFileReference; lastKnownFileType = folder.assetcatalog; path = Images.xcassets; sourceTree = "<group>"; };
		37364AD31AD1B18100A3396E /* Photos.framework */ = {isa = PBXFileReference; lastKnownFileType = wrapper.framework; name = Photos.framework; path = System/Library/Frameworks/Photos.framework; sourceTree = SDKROOT; };
		3738AE9C1ADC0014003375ED /* HelpersTest.swift */ = {isa = PBXFileReference; fileEncoding = 4; lastKnownFileType = sourcecode.swift; path = HelpersTest.swift; sourceTree = "<group>"; };
		3738AE9F1ADC1A44003375ED /* PathViewController.swift */ = {isa = PBXFileReference; fileEncoding = 4; lastKnownFileType = sourcecode.swift; path = PathViewController.swift; sourceTree = "<group>"; };
		3738AEA11ADC1E54003375ED /* PhotoUtility.swift */ = {isa = PBXFileReference; fileEncoding = 4; lastKnownFileType = sourcecode.swift; path = PhotoUtility.swift; sourceTree = "<group>"; };
		37B3DB17CB302B2C9EDDAC23 /* Pods.release.xcconfig */ = {isa = PBXFileReference; includeInIndex = 1; lastKnownFileType = text.xcconfig; name = Pods.release.xcconfig; path = "Pods/Target Support Files/Pods/Pods.release.xcconfig"; sourceTree = "<group>"; };
		37BDB4B41ACED65500F73513 /* Footprint.app */ = {isa = PBXFileReference; explicitFileType = wrapper.application; includeInIndex = 0; path = Footprint.app; sourceTree = BUILT_PRODUCTS_DIR; };
		37BDB4B81ACED65500F73513 /* Info.plist */ = {isa = PBXFileReference; lastKnownFileType = text.plist.xml; path = Info.plist; sourceTree = "<group>"; };
		37BDB4B91ACED65500F73513 /* AppDelegate.swift */ = {isa = PBXFileReference; lastKnownFileType = sourcecode.swift; path = AppDelegate.swift; sourceTree = "<group>"; };
		37BDB4BB1ACED65500F73513 /* FootprintViewController.swift */ = {isa = PBXFileReference; lastKnownFileType = sourcecode.swift; path = FootprintViewController.swift; sourceTree = "<group>"; };
		37BDB4BD1ACED65500F73513 /* SecondViewController.swift */ = {isa = PBXFileReference; lastKnownFileType = sourcecode.swift; path = SecondViewController.swift; sourceTree = "<group>"; };
		37BDB4C01ACED65500F73513 /* Base */ = {isa = PBXFileReference; lastKnownFileType = file.storyboard; name = Base; path = Base.lproj/Main.storyboard; sourceTree = "<group>"; };
		37BDB4C51ACED65500F73513 /* Base */ = {isa = PBXFileReference; lastKnownFileType = file.xib; name = Base; path = Base.lproj/LaunchScreen.xib; sourceTree = "<group>"; };
		37BDB4CB1ACED65500F73513 /* FootprintTests.xctest */ = {isa = PBXFileReference; explicitFileType = wrapper.cfbundle; includeInIndex = 0; path = FootprintTests.xctest; sourceTree = BUILT_PRODUCTS_DIR; };
		37BDB4D01ACED65500F73513 /* Info.plist */ = {isa = PBXFileReference; lastKnownFileType = text.plist.xml; path = Info.plist; sourceTree = "<group>"; };
		37BDB4DB1ACED72B00F73513 /* PhotoStore.swift */ = {isa = PBXFileReference; fileEncoding = 4; lastKnownFileType = sourcecode.swift; path = PhotoStore.swift; sourceTree = "<group>"; };
		37BDB4DD1ACEE62D00F73513 /* ImageIO.framework */ = {isa = PBXFileReference; lastKnownFileType = wrapper.framework; name = ImageIO.framework; path = System/Library/Frameworks/ImageIO.framework; sourceTree = SDKROOT; };
		37BDB4DF1ACEE63300F73513 /* AssetsLibrary.framework */ = {isa = PBXFileReference; lastKnownFileType = wrapper.framework; name = AssetsLibrary.framework; path = System/Library/Frameworks/AssetsLibrary.framework; sourceTree = SDKROOT; };
		37BDB4E11ACF019700F73513 /* MapKit.framework */ = {isa = PBXFileReference; lastKnownFileType = wrapper.framework; name = MapKit.framework; path = System/Library/Frameworks/MapKit.framework; sourceTree = SDKROOT; };
		37BDB4E31ACF0B8700F73513 /* PathOrganizer.swift */ = {isa = PBXFileReference; fileEncoding = 4; lastKnownFileType = sourcecode.swift; name = PathOrganizer.swift; path = ../PathOrganizer.swift; sourceTree = "<group>"; };
		37BDB4E61ACF0CA700F73513 /* Photos.xcdatamodel */ = {isa = PBXFileReference; lastKnownFileType = wrapper.xcdatamodel; path = Photos.xcdatamodel; sourceTree = "<group>"; };
		37BDB4EA1ACF10E400F73513 /* CoreDataStore.swift */ = {isa = PBXFileReference; fileEncoding = 4; lastKnownFileType = sourcecode.swift; path = CoreDataStore.swift; sourceTree = "<group>"; };
		37BDB4EC1ACF11A200F73513 /* CoreDataHelper.swift */ = {isa = PBXFileReference; fileEncoding = 4; lastKnownFileType = sourcecode.swift; path = CoreDataHelper.swift; sourceTree = "<group>"; };
		37BDB4F61ACF72A800F73513 /* Photo.swift */ = {isa = PBXFileReference; fileEncoding = 4; lastKnownFileType = sourcecode.swift; path = Photo.swift; sourceTree = "<group>"; };
		37DB52791AF9215B00FC4749 /* TestConnectorManager.swift */ = {isa = PBXFileReference; fileEncoding = 4; lastKnownFileType = sourcecode.swift; path = TestConnectorManager.swift; sourceTree = "<group>"; };
		37DB527B1AF922B800FC4749 /* PhotoObject.swift */ = {isa = PBXFileReference; fileEncoding = 4; lastKnownFileType = sourcecode.swift; path = PhotoObject.swift; sourceTree = "<group>"; };
		37DFF2EE1AD1B9BA00686E74 /* Footprint-Bridging-Header.h */ = {isa = PBXFileReference; lastKnownFileType = sourcecode.c.h; path = "Footprint-Bridging-Header.h"; sourceTree = "<group>"; };
		37DFF2EF1AD1BEC800686E74 /* Footprint.swift */ = {isa = PBXFileReference; fileEncoding = 4; lastKnownFileType = sourcecode.swift; path = Footprint.swift; sourceTree = "<group>"; };
		37DFF2F11AD1C47500686E74 /* Path.swift */ = {isa = PBXFileReference; fileEncoding = 4; lastKnownFileType = sourcecode.swift; path = Path.swift; sourceTree = "<group>"; };
		37DFF2F31AD22AD600686E74 /* PathCreateViewController.swift */ = {isa = PBXFileReference; fileEncoding = 4; lastKnownFileType = sourcecode.swift; path = PathCreateViewController.swift; sourceTree = "<group>"; };
		37DFF2F81AD41F1F00686E74 /* CollectionCell.xib */ = {isa = PBXFileReference; fileEncoding = 4; lastKnownFileType = file.xib; path = CollectionCell.xib; sourceTree = "<group>"; };
		37DFF2FA1AD420B900686E74 /* PhotoCollectionCell.swift */ = {isa = PBXFileReference; fileEncoding = 4; lastKnownFileType = sourcecode.swift; path = PhotoCollectionCell.swift; sourceTree = "<group>"; };
		37E20EF11AFA745100EDDA30 /* PhotoObjectCoreData.swift */ = {isa = PBXFileReference; fileEncoding = 4; lastKnownFileType = sourcecode.swift; path = PhotoObjectCoreData.swift; sourceTree = "<group>"; };
		37E20EF41AFA867200EDDA30 /* SettingsViewController.swift */ = {isa = PBXFileReference; fileEncoding = 4; lastKnownFileType = sourcecode.swift; path = SettingsViewController.swift; sourceTree = "<group>"; };
		37E20EF71AFF61F500EDDA30 /* ConnectorConfigViewController.swift */ = {isa = PBXFileReference; fileEncoding = 4; lastKnownFileType = sourcecode.swift; path = ConnectorConfigViewController.swift; sourceTree = "<group>"; };
		410469771AF7D36F00EC71B4 /* NewPhoto.swift */ = {isa = PBXFileReference; fileEncoding = 4; lastKnownFileType = sourcecode.swift; path = NewPhoto.swift; sourceTree = "<group>"; };
		41660D3E1AF7C272002FEE8B /* DropboxConnector.swift */ = {isa = PBXFileReference; fileEncoding = 4; lastKnownFileType = sourcecode.swift; path = DropboxConnector.swift; sourceTree = "<group>"; };
		41660D401AF7C27D002FEE8B /* Connector.swift */ = {isa = PBXFileReference; fileEncoding = 4; lastKnownFileType = sourcecode.swift; path = Connector.swift; sourceTree = "<group>"; };
		41660D421AF7C411002FEE8B /* PhotosConnector.swift */ = {isa = PBXFileReference; fileEncoding = 4; lastKnownFileType = sourcecode.swift; path = PhotosConnector.swift; sourceTree = "<group>"; };
		41660D441AF7C457002FEE8B /* ConnectorManager.swift */ = {isa = PBXFileReference; fileEncoding = 4; lastKnownFileType = sourcecode.swift; path = ConnectorManager.swift; sourceTree = "<group>"; };
		4175A5651AD8FFC20033745A /* en */ = {isa = PBXFileReference; lastKnownFileType = text.plist.strings; name = en; path = en.lproj/Main.strings; sourceTree = "<group>"; };
		4175A5691AD9036B0033745A /* en.lproj */ = {isa = PBXFileReference; lastKnownFileType = folder; path = en.lproj; sourceTree = "<group>"; };
		41A2E8E41AD70B6600240EB5 /* FootprintCell.swift */ = {isa = PBXFileReference; fileEncoding = 4; lastKnownFileType = sourcecode.swift; path = FootprintCell.swift; sourceTree = "<group>"; };
		ABE0EC7F05163E06438BB204 /* Pods.debug.xcconfig */ = {isa = PBXFileReference; includeInIndex = 1; lastKnownFileType = text.xcconfig; name = Pods.debug.xcconfig; path = "Pods/Target Support Files/Pods/Pods.debug.xcconfig"; sourceTree = "<group>"; };
/* End PBXFileReference section */

/* Begin PBXFrameworksBuildPhase section */
		37BDB4B11ACED65500F73513 /* Frameworks */ = {
			isa = PBXFrameworksBuildPhase;
			buildActionMask = 2147483647;
			files = (
				370D92CA1B03A6C000ED9ED2 /* DropboxSDK.framework in Frameworks */,
				37364AD41AD1B18100A3396E /* Photos.framework in Frameworks */,
				37BDB4E21ACF019700F73513 /* MapKit.framework in Frameworks */,
				37BDB4E01ACEE63300F73513 /* AssetsLibrary.framework in Frameworks */,
				37BDB4DE1ACEE62D00F73513 /* ImageIO.framework in Frameworks */,
				BD35A53862890ED8B8E3B5F8 /* Pods.framework in Frameworks */,
			);
			runOnlyForDeploymentPostprocessing = 0;
		};
		37BDB4C81ACED65500F73513 /* Frameworks */ = {
			isa = PBXFrameworksBuildPhase;
			buildActionMask = 2147483647;
			files = (
				370D92C91B03A53300ED9ED2 /* DropboxSDK.framework in Frameworks */,
				370D92C51B03A41100ED9ED2 /* QuartzCore.framework in Frameworks */,
				370D92C31B03A40100ED9ED2 /* Security.framework in Frameworks */,
				3F9642BAFA38590DF95641BA /* Pods.framework in Frameworks */,
			);
			runOnlyForDeploymentPostprocessing = 0;
		};
/* End PBXFrameworksBuildPhase section */

/* Begin PBXGroup section */
		2F8095A170AA6D1C9DF899C1 /* Frameworks */ = {
			isa = PBXGroup;
			children = (
				370D92C81B03A53300ED9ED2 /* DropboxSDK.framework */,
				370D92C41B03A41100ED9ED2 /* QuartzCore.framework */,
				370D92C21B03A40100ED9ED2 /* Security.framework */,
				37364AD31AD1B18100A3396E /* Photos.framework */,
				37BDB4E11ACF019700F73513 /* MapKit.framework */,
				37BDB4DF1ACEE63300F73513 /* AssetsLibrary.framework */,
				37BDB4DD1ACEE62D00F73513 /* ImageIO.framework */,
				334BBD94344676C6D804E17E /* Pods.framework */,
			);
			name = Frameworks;
			sourceTree = "<group>";
		};
		30717B9C067EC2446A8C530A /* Pods */ = {
			isa = PBXGroup;
			children = (
				ABE0EC7F05163E06438BB204 /* Pods.debug.xcconfig */,
				37B3DB17CB302B2C9EDDAC23 /* Pods.release.xcconfig */,
			);
			name = Pods;
			sourceTree = "<group>";
		};
		37364ACC1AD1994300A3396E /* Resources */ = {
			isa = PBXGroup;
			children = (
				4175A5691AD9036B0033745A /* en.lproj */,
			);
			name = Resources;
			sourceTree = "<group>";
		};
		37BDB4AB1ACED65500F73513 = {
			isa = PBXGroup;
			children = (
				37BDB4B61ACED65500F73513 /* Footprint */,
				37BDB4CE1ACED65500F73513 /* FootprintTests */,
				37BDB4B51ACED65500F73513 /* Products */,
				30717B9C067EC2446A8C530A /* Pods */,
				2F8095A170AA6D1C9DF899C1 /* Frameworks */,
			);
			sourceTree = "<group>";
		};
		37BDB4B51ACED65500F73513 /* Products */ = {
			isa = PBXGroup;
			children = (
				37BDB4B41ACED65500F73513 /* Footprint.app */,
				37BDB4CB1ACED65500F73513 /* FootprintTests.xctest */,
			);
			name = Products;
			sourceTree = "<group>";
		};
		37BDB4B61ACED65500F73513 /* Footprint */ = {
			isa = PBXGroup;
			children = (
				37E20EF61AFEFAA200EDDA30 /* Objects */,
				37E20EF31AFA846000EDDA30 /* DB */,
				41660D3D1AF7C265002FEE8B /* Connector */,
				37DFF2EE1AD1B9BA00686E74 /* Footprint-Bridging-Header.h */,
				37BDB4B91ACED65500F73513 /* AppDelegate.swift */,
				37BDB4EC1ACF11A200F73513 /* CoreDataHelper.swift */,
				37BDB4EA1ACF10E400F73513 /* CoreDataStore.swift */,
				37DFF2EF1AD1BEC800686E74 /* Footprint.swift */,
				37364ACA1AD1245900A3396E /* Helpers.swift */,
				37BDB4E31ACF0B8700F73513 /* PathOrganizer.swift */,
				372B58E01AD036F9000D2483 /* PhotoLoader.swift */,
				372B58E31AD03AAF000D2483 /* PhotoMetadata.swift */,
				37364AD11AD19DA900A3396E /* Images.xcassets */,
				37BDB4F81ACF731300F73513 /* models */,
				37364ACC1AD1994300A3396E /* Resources */,
				37BDB4B71ACED65500F73513 /* Supporting Files */,
				37DFF2F51AD22B4000686E74 /* ViewControllers */,
				37DFF2FC1AD42A4000686E74 /* XIBs */,
				3738AEA11ADC1E54003375ED /* PhotoUtility.swift */,
				3734887B1AE943960068FC73 /* MapHelper.swift */,
			);
			path = Footprint;
			sourceTree = "<group>";
		};
		37BDB4B71ACED65500F73513 /* Supporting Files */ = {
			isa = PBXGroup;
			children = (
				37BDB4B81ACED65500F73513 /* Info.plist */,
			);
			name = "Supporting Files";
			sourceTree = "<group>";
		};
		37BDB4CE1ACED65500F73513 /* FootprintTests */ = {
			isa = PBXGroup;
			children = (
				37BDB4CF1ACED65500F73513 /* Supporting Files */,
				372B58DA1AD03142000D2483 /* PhotoStoreTests.swift */,
				3738AE9C1ADC0014003375ED /* HelpersTest.swift */,
				3703363E1AE003A700EF9FE4 /* MiscTests.swift */,
				37DB52791AF9215B00FC4749 /* TestConnectorManager.swift */,
			);
			path = FootprintTests;
			sourceTree = "<group>";
		};
		37BDB4CF1ACED65500F73513 /* Supporting Files */ = {
			isa = PBXGroup;
			children = (
				37BDB4D01ACED65500F73513 /* Info.plist */,
			);
			name = "Supporting Files";
			sourceTree = "<group>";
		};
		37BDB4F81ACF731300F73513 /* models */ = {
			isa = PBXGroup;
			children = (
				37BDB4E51ACF0CA700F73513 /* Photos.xcdatamodeld */,
				37BDB4F61ACF72A800F73513 /* Photo.swift */,
				37DFF2F11AD1C47500686E74 /* Path.swift */,
				410469771AF7D36F00EC71B4 /* NewPhoto.swift */,
			);
			name = models;
			sourceTree = "<group>";
		};
		37DFF2F51AD22B4000686E74 /* ViewControllers */ = {
			isa = PBXGroup;
			children = (
				37BDB4BB1ACED65500F73513 /* FootprintViewController.swift */,
				37BDB4BD1ACED65500F73513 /* SecondViewController.swift */,
				37DFF2F31AD22AD600686E74 /* PathCreateViewController.swift */,
				37DFF2FA1AD420B900686E74 /* PhotoCollectionCell.swift */,
				41A2E8E41AD70B6600240EB5 /* FootprintCell.swift */,
				3738AE9F1ADC1A44003375ED /* PathViewController.swift */,
				3703363C1ADFFF8800EF9FE4 /* PhotoMapViewController.swift */,
				372D1E191AE28F46009D113D /* PhotoAnnotation.swift */,
				372D1E1B1AE3ADC4009D113D /* PhotoViewController.swift */,
				37E20EF41AFA867200EDDA30 /* SettingsViewController.swift */,
				37E20EF71AFF61F500EDDA30 /* ConnectorConfigViewController.swift */,
				370D92CB1B03AABC00ED9ED2 /* DropboxConfigViewController.swift */,
			);
			name = ViewControllers;
			sourceTree = "<group>";
		};
		37DFF2FC1AD42A4000686E74 /* XIBs */ = {
			isa = PBXGroup;
			children = (
				37BDB4BF1ACED65500F73513 /* Main.storyboard */,
				37BDB4C41ACED65500F73513 /* LaunchScreen.xib */,
				37DFF2F81AD41F1F00686E74 /* CollectionCell.xib */,
			);
			name = XIBs;
			sourceTree = "<group>";
		};
		37E20EF31AFA846000EDDA30 /* DB */ = {
			isa = PBXGroup;
			children = (
				37BDB4DB1ACED72B00F73513 /* PhotoStore.swift */,
				37E20EF11AFA745100EDDA30 /* PhotoObjectCoreData.swift */,
			);
			name = DB;
			sourceTree = "<group>";
		};
		37E20EF61AFEFAA200EDDA30 /* Objects */ = {
			isa = PBXGroup;
			children = (
				37DB527B1AF922B800FC4749 /* PhotoObject.swift */,
			);
			name = Objects;
			sourceTree = "<group>";
		};
		41660D3D1AF7C265002FEE8B /* Connector */ = {
			isa = PBXGroup;
			children = (
				41660D3E1AF7C272002FEE8B /* DropboxConnector.swift */,
				41660D401AF7C27D002FEE8B /* Connector.swift */,
				41660D421AF7C411002FEE8B /* PhotosConnector.swift */,
				41660D441AF7C457002FEE8B /* ConnectorManager.swift */,
			);
			name = Connector;
			sourceTree = "<group>";
		};
/* End PBXGroup section */

/* Begin PBXNativeTarget section */
		37BDB4B31ACED65500F73513 /* Footprint */ = {
			isa = PBXNativeTarget;
			buildConfigurationList = 37BDB4D51ACED65500F73513 /* Build configuration list for PBXNativeTarget "Footprint" */;
			buildPhases = (
				8196DFD5594D216CF1C2112C /* Check Pods Manifest.lock */,
				37BDB4B01ACED65500F73513 /* Sources */,
				37BDB4B11ACED65500F73513 /* Frameworks */,
				37BDB4B21ACED65500F73513 /* Resources */,
				369128B590D9BABF23261B7F /* Embed Pods Frameworks */,
				E460BE6E43E8CE357C58F0AA /* Copy Pods Resources */,
			);
			buildRules = (
			);
			dependencies = (
			);
			name = Footprint;
			productName = Footprint;
			productReference = 37BDB4B41ACED65500F73513 /* Footprint.app */;
			productType = "com.apple.product-type.application";
		};
		37BDB4CA1ACED65500F73513 /* FootprintTests */ = {
			isa = PBXNativeTarget;
			buildConfigurationList = 37BDB4D81ACED65500F73513 /* Build configuration list for PBXNativeTarget "FootprintTests" */;
			buildPhases = (
				A81290A562293AE2134860EE /* Check Pods Manifest.lock */,
				37BDB4C71ACED65500F73513 /* Sources */,
				37BDB4C81ACED65500F73513 /* Frameworks */,
				37BDB4C91ACED65500F73513 /* Resources */,
				7933566FD4B42DF4F4474950 /* Embed Pods Frameworks */,
				67748E075F3A4D7BA451DB90 /* Copy Pods Resources */,
			);
			buildRules = (
			);
			dependencies = (
				37BDB4CD1ACED65500F73513 /* PBXTargetDependency */,
			);
			name = FootprintTests;
			productName = FootprintTests;
			productReference = 37BDB4CB1ACED65500F73513 /* FootprintTests.xctest */;
			productType = "com.apple.product-type.bundle.unit-test";
		};
/* End PBXNativeTarget section */

/* Begin PBXProject section */
		37BDB4AC1ACED65500F73513 /* Project object */ = {
			isa = PBXProject;
			attributes = {
				LastUpgradeCheck = 0620;
				ORGANIZATIONNAME = "Melvin Tu";
				TargetAttributes = {
					37BDB4B31ACED65500F73513 = {
						CreatedOnToolsVersion = 6.2;
						DevelopmentTeam = LLB73KMAN3;
					};
					37BDB4CA1ACED65500F73513 = {
						CreatedOnToolsVersion = 6.2;
						TestTargetID = 37BDB4B31ACED65500F73513;
					};
				};
			};
			buildConfigurationList = 37BDB4AF1ACED65500F73513 /* Build configuration list for PBXProject "足迹地图" */;
			compatibilityVersion = "Xcode 3.2";
			developmentRegion = English;
			hasScannedForEncodings = 0;
			knownRegions = (
				en,
				Base,
			);
			mainGroup = 37BDB4AB1ACED65500F73513;
			productRefGroup = 37BDB4B51ACED65500F73513 /* Products */;
			projectDirPath = "";
			projectRoot = "";
			targets = (
				37BDB4B31ACED65500F73513 /* Footprint */,
				37BDB4CA1ACED65500F73513 /* FootprintTests */,
			);
		};
/* End PBXProject section */

/* Begin PBXResourcesBuildPhase section */
		37BDB4B21ACED65500F73513 /* Resources */ = {
			isa = PBXResourcesBuildPhase;
			buildActionMask = 2147483647;
			files = (
				37364AD21AD19DA900A3396E /* Images.xcassets in Resources */,
				37BDB4C11ACED65500F73513 /* Main.storyboard in Resources */,
				37BDB4C61ACED65500F73513 /* LaunchScreen.xib in Resources */,
				4175A56A1AD9036B0033745A /* en.lproj in Resources */,
				37DFF2F91AD41F1F00686E74 /* CollectionCell.xib in Resources */,
			);
			runOnlyForDeploymentPostprocessing = 0;
		};
		37BDB4C91ACED65500F73513 /* Resources */ = {
			isa = PBXResourcesBuildPhase;
			buildActionMask = 2147483647;
			files = (
			);
			runOnlyForDeploymentPostprocessing = 0;
		};
/* End PBXResourcesBuildPhase section */

/* Begin PBXShellScriptBuildPhase section */
		369128B590D9BABF23261B7F /* Embed Pods Frameworks */ = {
			isa = PBXShellScriptBuildPhase;
			buildActionMask = 2147483647;
			files = (
			);
			inputPaths = (
			);
			name = "Embed Pods Frameworks";
			outputPaths = (
			);
			runOnlyForDeploymentPostprocessing = 0;
			shellPath = /bin/sh;
			shellScript = "\"${SRCROOT}/Pods/Target Support Files/Pods/Pods-frameworks.sh\"\n";
			showEnvVarsInLog = 0;
		};
		67748E075F3A4D7BA451DB90 /* Copy Pods Resources */ = {
			isa = PBXShellScriptBuildPhase;
			buildActionMask = 2147483647;
			files = (
			);
			inputPaths = (
			);
			name = "Copy Pods Resources";
			outputPaths = (
			);
			runOnlyForDeploymentPostprocessing = 0;
			shellPath = /bin/sh;
			shellScript = "\"${SRCROOT}/Pods/Target Support Files/Pods/Pods-resources.sh\"\n";
			showEnvVarsInLog = 0;
		};
		7933566FD4B42DF4F4474950 /* Embed Pods Frameworks */ = {
			isa = PBXShellScriptBuildPhase;
			buildActionMask = 2147483647;
			files = (
			);
			inputPaths = (
			);
			name = "Embed Pods Frameworks";
			outputPaths = (
			);
			runOnlyForDeploymentPostprocessing = 0;
			shellPath = /bin/sh;
			shellScript = "\"${SRCROOT}/Pods/Target Support Files/Pods/Pods-frameworks.sh\"\n";
			showEnvVarsInLog = 0;
		};
		8196DFD5594D216CF1C2112C /* Check Pods Manifest.lock */ = {
			isa = PBXShellScriptBuildPhase;
			buildActionMask = 2147483647;
			files = (
			);
			inputPaths = (
			);
			name = "Check Pods Manifest.lock";
			outputPaths = (
			);
			runOnlyForDeploymentPostprocessing = 0;
			shellPath = /bin/sh;
			shellScript = "diff \"${PODS_ROOT}/../Podfile.lock\" \"${PODS_ROOT}/Manifest.lock\" > /dev/null\nif [[ $? != 0 ]] ; then\n    cat << EOM\nerror: The sandbox is not in sync with the Podfile.lock. Run 'pod install' or update your CocoaPods installation.\nEOM\n    exit 1\nfi\n";
			showEnvVarsInLog = 0;
		};
		A81290A562293AE2134860EE /* Check Pods Manifest.lock */ = {
			isa = PBXShellScriptBuildPhase;
			buildActionMask = 2147483647;
			files = (
			);
			inputPaths = (
			);
			name = "Check Pods Manifest.lock";
			outputPaths = (
			);
			runOnlyForDeploymentPostprocessing = 0;
			shellPath = /bin/sh;
			shellScript = "diff \"${PODS_ROOT}/../Podfile.lock\" \"${PODS_ROOT}/Manifest.lock\" > /dev/null\nif [[ $? != 0 ]] ; then\n    cat << EOM\nerror: The sandbox is not in sync with the Podfile.lock. Run 'pod install' or update your CocoaPods installation.\nEOM\n    exit 1\nfi\n";
			showEnvVarsInLog = 0;
		};
		E460BE6E43E8CE357C58F0AA /* Copy Pods Resources */ = {
			isa = PBXShellScriptBuildPhase;
			buildActionMask = 2147483647;
			files = (
			);
			inputPaths = (
			);
			name = "Copy Pods Resources";
			outputPaths = (
			);
			runOnlyForDeploymentPostprocessing = 0;
			shellPath = /bin/sh;
			shellScript = "\"${SRCROOT}/Pods/Target Support Files/Pods/Pods-resources.sh\"\n";
			showEnvVarsInLog = 0;
		};
/* End PBXShellScriptBuildPhase section */

/* Begin PBXSourcesBuildPhase section */
		37BDB4B01ACED65500F73513 /* Sources */ = {
			isa = PBXSourcesBuildPhase;
			buildActionMask = 2147483647;
			files = (
				41A2E8E51AD70B6600240EB5 /* FootprintCell.swift in Sources */,
				37BDB4E71ACF0CA700F73513 /* Photos.xcdatamodeld in Sources */,
				37DFF2F01AD1BEC800686E74 /* Footprint.swift in Sources */,
				37BDB4BE1ACED65500F73513 /* SecondViewController.swift in Sources */,
				37BDB4BA1ACED65500F73513 /* AppDelegate.swift in Sources */,
				372B58E11AD036F9000D2483 /* PhotoLoader.swift in Sources */,
				41660D431AF7C411002FEE8B /* PhotosConnector.swift in Sources */,
				372B58E41AD03AAF000D2483 /* PhotoMetadata.swift in Sources */,
				37BDB4DC1ACED72B00F73513 /* PhotoStore.swift in Sources */,
				410469781AF7D36F00EC71B4 /* NewPhoto.swift in Sources */,
				37E20EF21AFA745100EDDA30 /* PhotoObjectCoreData.swift in Sources */,
				41660D411AF7C27D002FEE8B /* Connector.swift in Sources */,
				37BDB4BC1ACED65500F73513 /* FootprintViewController.swift in Sources */,
				37DFF2F21AD1C47500686E74 /* Path.swift in Sources */,
				37E20EF81AFF61F500EDDA30 /* ConnectorConfigViewController.swift in Sources */,
				41660D3F1AF7C272002FEE8B /* DropboxConnector.swift in Sources */,
				3703363D1ADFFF8800EF9FE4 /* PhotoMapViewController.swift in Sources */,
				372D1E1A1AE28F46009D113D /* PhotoAnnotation.swift in Sources */,
				37364ACB1AD1245900A3396E /* Helpers.swift in Sources */,
				3738AEA01ADC1A44003375ED /* PathViewController.swift in Sources */,
				37DFF2FB1AD420B900686E74 /* PhotoCollectionCell.swift in Sources */,
				37E20EF51AFA867200EDDA30 /* SettingsViewController.swift in Sources */,
				41660D451AF7C457002FEE8B /* ConnectorManager.swift in Sources */,
				37DFF2F41AD22AD600686E74 /* PathCreateViewController.swift in Sources */,
				37E20EF01AF9271200EDDA30 /* PhotoObject.swift in Sources */,
				3734887C1AE943960068FC73 /* MapHelper.swift in Sources */,
				37BDB4F71ACF72A800F73513 /* Photo.swift in Sources */,
				37BDB4ED1ACF11A200F73513 /* CoreDataHelper.swift in Sources */,
				37BDB4EB1ACF10E400F73513 /* CoreDataStore.swift in Sources */,
				37BDB4E41ACF0B8700F73513 /* PathOrganizer.swift in Sources */,
				3738AEA21ADC1E54003375ED /* PhotoUtility.swift in Sources */,
				372D1E1C1AE3ADC4009D113D /* PhotoViewController.swift in Sources */,
				370D92CC1B03AABC00ED9ED2 /* DropboxConfigViewController.swift in Sources */,
			);
			runOnlyForDeploymentPostprocessing = 0;
		};
		37BDB4C71ACED65500F73513 /* Sources */ = {
			isa = PBXSourcesBuildPhase;
			buildActionMask = 2147483647;
			files = (
				372B58DB1AD03142000D2483 /* PhotoStoreTests.swift in Sources */,
				37DB527A1AF9215B00FC4749 /* TestConnectorManager.swift in Sources */,
				3703363F1AE003A700EF9FE4 /* MiscTests.swift in Sources */,
				3738AE9E1ADC01AB003375ED /* Helpers.swift in Sources */,
				3738AE9D1ADC0014003375ED /* HelpersTest.swift in Sources */,
			);
			runOnlyForDeploymentPostprocessing = 0;
		};
/* End PBXSourcesBuildPhase section */

/* Begin PBXTargetDependency section */
		37BDB4CD1ACED65500F73513 /* PBXTargetDependency */ = {
			isa = PBXTargetDependency;
			target = 37BDB4B31ACED65500F73513 /* Footprint */;
			targetProxy = 37BDB4CC1ACED65500F73513 /* PBXContainerItemProxy */;
		};
/* End PBXTargetDependency section */

/* Begin PBXVariantGroup section */
		37BDB4BF1ACED65500F73513 /* Main.storyboard */ = {
			isa = PBXVariantGroup;
			children = (
				37BDB4C01ACED65500F73513 /* Base */,
				4175A5651AD8FFC20033745A /* en */,
			);
			name = Main.storyboard;
			sourceTree = "<group>";
		};
		37BDB4C41ACED65500F73513 /* LaunchScreen.xib */ = {
			isa = PBXVariantGroup;
			children = (
				37BDB4C51ACED65500F73513 /* Base */,
			);
			name = LaunchScreen.xib;
			sourceTree = "<group>";
		};
/* End PBXVariantGroup section */

/* Begin XCBuildConfiguration section */
		37BDB4D31ACED65500F73513 /* Debug */ = {
			isa = XCBuildConfiguration;
			buildSettings = {
				ALWAYS_SEARCH_USER_PATHS = NO;
				CLANG_CXX_LANGUAGE_STANDARD = "gnu++0x";
				CLANG_CXX_LIBRARY = "libc++";
				CLANG_ENABLE_MODULES = YES;
				CLANG_ENABLE_OBJC_ARC = YES;
				CLANG_WARN_BOOL_CONVERSION = YES;
				CLANG_WARN_CONSTANT_CONVERSION = YES;
				CLANG_WARN_DIRECT_OBJC_ISA_USAGE = YES_ERROR;
				CLANG_WARN_EMPTY_BODY = YES;
				CLANG_WARN_ENUM_CONVERSION = YES;
				CLANG_WARN_INT_CONVERSION = YES;
				CLANG_WARN_OBJC_ROOT_CLASS = YES_ERROR;
				CLANG_WARN_UNREACHABLE_CODE = YES;
				CLANG_WARN__DUPLICATE_METHOD_MATCH = YES;
				"CODE_SIGN_IDENTITY[sdk=iphoneos*]" = "iPhone Developer";
				COPY_PHASE_STRIP = NO;
				ENABLE_STRICT_OBJC_MSGSEND = YES;
				GCC_C_LANGUAGE_STANDARD = gnu99;
				GCC_DYNAMIC_NO_PIC = NO;
				GCC_OPTIMIZATION_LEVEL = 0;
				GCC_PREPROCESSOR_DEFINITIONS = (
					"DEBUG=1",
					"$(inherited)",
				);
				GCC_SYMBOLS_PRIVATE_EXTERN = NO;
				GCC_WARN_64_TO_32_BIT_CONVERSION = YES;
				GCC_WARN_ABOUT_RETURN_TYPE = YES_ERROR;
				GCC_WARN_UNDECLARED_SELECTOR = YES;
				GCC_WARN_UNINITIALIZED_AUTOS = YES_AGGRESSIVE;
				GCC_WARN_UNUSED_FUNCTION = YES;
				GCC_WARN_UNUSED_VARIABLE = YES;
				IPHONEOS_DEPLOYMENT_TARGET = 8.3;
				MTL_ENABLE_DEBUG_INFO = YES;
				ONLY_ACTIVE_ARCH = YES;
				SDKROOT = iphoneos;
				SWIFT_OPTIMIZATION_LEVEL = "-Onone";
				TARGETED_DEVICE_FAMILY = "1,2";
			};
			name = Debug;
		};
		37BDB4D41ACED65500F73513 /* Release */ = {
			isa = XCBuildConfiguration;
			buildSettings = {
				ALWAYS_SEARCH_USER_PATHS = NO;
				CLANG_CXX_LANGUAGE_STANDARD = "gnu++0x";
				CLANG_CXX_LIBRARY = "libc++";
				CLANG_ENABLE_MODULES = YES;
				CLANG_ENABLE_OBJC_ARC = YES;
				CLANG_WARN_BOOL_CONVERSION = YES;
				CLANG_WARN_CONSTANT_CONVERSION = YES;
				CLANG_WARN_DIRECT_OBJC_ISA_USAGE = YES_ERROR;
				CLANG_WARN_EMPTY_BODY = YES;
				CLANG_WARN_ENUM_CONVERSION = YES;
				CLANG_WARN_INT_CONVERSION = YES;
				CLANG_WARN_OBJC_ROOT_CLASS = YES_ERROR;
				CLANG_WARN_UNREACHABLE_CODE = YES;
				CLANG_WARN__DUPLICATE_METHOD_MATCH = YES;
				"CODE_SIGN_IDENTITY[sdk=iphoneos*]" = "iPhone Developer";
				COPY_PHASE_STRIP = NO;
				ENABLE_NS_ASSERTIONS = NO;
				ENABLE_STRICT_OBJC_MSGSEND = YES;
				GCC_C_LANGUAGE_STANDARD = gnu99;
				GCC_WARN_64_TO_32_BIT_CONVERSION = YES;
				GCC_WARN_ABOUT_RETURN_TYPE = YES_ERROR;
				GCC_WARN_UNDECLARED_SELECTOR = YES;
				GCC_WARN_UNINITIALIZED_AUTOS = YES_AGGRESSIVE;
				GCC_WARN_UNUSED_FUNCTION = YES;
				GCC_WARN_UNUSED_VARIABLE = YES;
				IPHONEOS_DEPLOYMENT_TARGET = 8.3;
				MTL_ENABLE_DEBUG_INFO = NO;
				SDKROOT = iphoneos;
				TARGETED_DEVICE_FAMILY = "1,2";
				VALIDATE_PRODUCT = YES;
			};
			name = Release;
		};
		37BDB4D61ACED65500F73513 /* Debug */ = {
			isa = XCBuildConfiguration;
			baseConfigurationReference = ABE0EC7F05163E06438BB204 /* Pods.debug.xcconfig */;
			buildSettings = {
				ASSETCATALOG_COMPILER_APPICON_NAME = AppIcon;
				CODE_SIGN_IDENTITY = "iPhone Developer";
				FRAMEWORK_SEARCH_PATHS = (
					"$(inherited)",
					"$(PROJECT_DIR)/Pods",
				);
				INFOPLIST_FILE = Footprint/Info.plist;
				IPHONEOS_DEPLOYMENT_TARGET = 8.3;
				LD_RUNPATH_SEARCH_PATHS = "$(inherited) @executable_path/Frameworks";
				PRODUCT_NAME = "$(TARGET_NAME)";
				SWIFT_OBJC_BRIDGING_HEADER = "Footprint/Footprint-Bridging-Header.h";
			};
			name = Debug;
		};
		37BDB4D71ACED65500F73513 /* Release */ = {
			isa = XCBuildConfiguration;
			baseConfigurationReference = 37B3DB17CB302B2C9EDDAC23 /* Pods.release.xcconfig */;
			buildSettings = {
				ASSETCATALOG_COMPILER_APPICON_NAME = AppIcon;
				CODE_SIGN_IDENTITY = "iPhone Developer";
				FRAMEWORK_SEARCH_PATHS = (
					"$(inherited)",
					"$(PROJECT_DIR)/Pods",
				);
				INFOPLIST_FILE = Footprint/Info.plist;
				IPHONEOS_DEPLOYMENT_TARGET = 8.3;
				LD_RUNPATH_SEARCH_PATHS = "$(inherited) @executable_path/Frameworks";
				PRODUCT_NAME = "$(TARGET_NAME)";
				SWIFT_OBJC_BRIDGING_HEADER = "Footprint/Footprint-Bridging-Header.h";
			};
			name = Release;
		};
		37BDB4D91ACED65500F73513 /* Debug */ = {
			isa = XCBuildConfiguration;
			baseConfigurationReference = ABE0EC7F05163E06438BB204 /* Pods.debug.xcconfig */;
			buildSettings = {
				BUNDLE_LOADER = "$(TEST_HOST)";
				FRAMEWORK_SEARCH_PATHS = (
					"$(SDKROOT)/Developer/Library/Frameworks",
					"$(inherited)",
					"$(PROJECT_DIR)/Pods",
				);
				GCC_PREPROCESSOR_DEFINITIONS = (
					"DEBUG=1",
					"$(inherited)",
				);
				INFOPLIST_FILE = FootprintTests/Info.plist;
				LD_RUNPATH_SEARCH_PATHS = "$(inherited) @executable_path/Frameworks @loader_path/Frameworks";
				PRODUCT_NAME = "$(TARGET_NAME)";
				TEST_HOST = "$(BUILT_PRODUCTS_DIR)/Footprint.app/Footprint";
			};
			name = Debug;
		};
		37BDB4DA1ACED65500F73513 /* Release */ = {
			isa = XCBuildConfiguration;
			baseConfigurationReference = 37B3DB17CB302B2C9EDDAC23 /* Pods.release.xcconfig */;
			buildSettings = {
				BUNDLE_LOADER = "$(TEST_HOST)";
				FRAMEWORK_SEARCH_PATHS = (
					"$(SDKROOT)/Developer/Library/Frameworks",
					"$(inherited)",
					"$(PROJECT_DIR)/Pods",
				);
				INFOPLIST_FILE = FootprintTests/Info.plist;
				LD_RUNPATH_SEARCH_PATHS = "$(inherited) @executable_path/Frameworks @loader_path/Frameworks";
				PRODUCT_NAME = "$(TARGET_NAME)";
				TEST_HOST = "$(BUILT_PRODUCTS_DIR)/Footprint.app/Footprint";
			};
			name = Release;
		};
/* End XCBuildConfiguration section */

/* Begin XCConfigurationList section */
		37BDB4AF1ACED65500F73513 /* Build configuration list for PBXProject "足迹地图" */ = {
			isa = XCConfigurationList;
			buildConfigurations = (
				37BDB4D31ACED65500F73513 /* Debug */,
				37BDB4D41ACED65500F73513 /* Release */,
			);
			defaultConfigurationIsVisible = 0;
			defaultConfigurationName = Release;
		};
		37BDB4D51ACED65500F73513 /* Build configuration list for PBXNativeTarget "Footprint" */ = {
			isa = XCConfigurationList;
			buildConfigurations = (
				37BDB4D61ACED65500F73513 /* Debug */,
				37BDB4D71ACED65500F73513 /* Release */,
			);
			defaultConfigurationIsVisible = 0;
			defaultConfigurationName = Release;
		};
		37BDB4D81ACED65500F73513 /* Build configuration list for PBXNativeTarget "FootprintTests" */ = {
			isa = XCConfigurationList;
			buildConfigurations = (
				37BDB4D91ACED65500F73513 /* Debug */,
				37BDB4DA1ACED65500F73513 /* Release */,
			);
			defaultConfigurationIsVisible = 0;
			defaultConfigurationName = Release;
		};
/* End XCConfigurationList section */

/* Begin XCVersionGroup section */
		37BDB4E51ACF0CA700F73513 /* Photos.xcdatamodeld */ = {
			isa = XCVersionGroup;
			children = (
				37BDB4E61ACF0CA700F73513 /* Photos.xcdatamodel */,
			);
			currentVersion = 37BDB4E61ACF0CA700F73513 /* Photos.xcdatamodel */;
			name = Photos.xcdatamodeld;
			path = ../Photos.xcdatamodeld;
			sourceTree = "<group>";
			versionGroupType = wrapper.xcdatamodel;
		};
/* End XCVersionGroup section */
	};
	rootObject = 37BDB4AC1ACED65500F73513 /* Project object */;
}
